
Microsoft Visual Studio Solution File, Format Version 12.00
# Visual Studio Version 17
VisualStudioVersion = 17.5.002.0
MinimumVisualStudioVersion = 10.0.40219.1
Project("{9A19103F-16F7-4668-BE54-9A1E7A4F7556}") = "back-end", "back-end\back-end.csproj", "{022A1C62-25FE-4382-9402-60C9A58B246E}"
EndProject
Global
	GlobalSection(SolutionConfigurationPlatforms) = preSolution
		Debug|Any CPU = Debug|Any CPU
		Release|Any CPU = Release|Any CPU
	EndGlobalSection
	GlobalSection(ProjectConfigurationPlatforms) = postSolution
		{022A1C62-25FE-4382-9402-60C9A58B246E}.Debug|Any CPU.ActiveCfg = Debug|Any CPU
		{022A1C62-25FE-4382-9402-60C9A58B246E}.Debug|Any CPU.Build.0 = Debug|Any CPU
		{022A1C62-25FE-4382-9402-60C9A58B246E}.Release|Any CPU.ActiveCfg = Release|Any CPU
		{022A1C62-25FE-4382-9402-60C9A58B246E}.Release|Any CPU.Build.0 = Release|Any CPU
	EndGlobalSection
	GlobalSection(SolutionProperties) = preSolution
		HideSolutionNode = FALSE
	EndGlobalSection
	GlobalSection(ExtensibilityGlobals) = postSolution
		SolutionGuid = {F35E7995-59BB-45DE-A75F-4BB3089AABF2}
	EndGlobalSection
EndGlobal
